
Microsoft Visual Studio Solution File, Format Version 12.00
# Visual Studio Version 17
VisualStudioVersion = 17.10.35013.160
MinimumVisualStudioVersion = 10.0.40219.1
Project("{9A19103F-16F7-4668-BE54-9A1E7A4F7556}") = "WorkshopApp", "WorkshopApp.csproj", "{4EC654DE-A437-4A37-8EAC-7E9BFCB63233}"
EndProject
Global
	GlobalSection(SolutionConfigurationPlatforms) = preSolution
		Debug|Any CPU = Debug|Any CPU
		Release|Any CPU = Release|Any CPU
	EndGlobalSection
	GlobalSection(ProjectConfigurationPlatforms) = postSolution
		{4EC654DE-A437-4A37-8EAC-7E9BFCB63233}.Debug|Any CPU.ActiveCfg = Debug|Any CPU
		{4EC654DE-A437-4A37-8EAC-7E9BFCB63233}.Debug|Any CPU.Build.0 = Debug|Any CPU
		{4EC654DE-A437-4A37-8EAC-7E9BFCB63233}.Release|Any CPU.ActiveCfg = Release|Any CPU
		{4EC654DE-A437-4A37-8EAC-7E9BFCB63233}.Release|Any CPU.Build.0 = Release|Any CPU
	EndGlobalSection
	GlobalSection(SolutionProperties) = preSolution
		HideSolutionNode = FALSE
	EndGlobalSection
	GlobalSection(ExtensibilityGlobals) = postSolution
		SolutionGuid = {1F65AA6C-6189-4771-8670-2B638A52F18F}
	EndGlobalSection
EndGlobal
